
Microsoft Visual Studio Solution File, Format Version 12.00
# Visual Studio Version 17
VisualStudioVersion = 17.5.33530.505
MinimumVisualStudioVersion = 10.0.40219.1
Project("{FAE04EC0-301F-11D3-BF4B-00C04F79EFBC}") = "D-Voz1", "D-Voz1\D-Voz1.csproj", "{E95DEE52-48A6-4863-881C-FCFE137E520B}"
EndProject
Global
	GlobalSection(SolutionConfigurationPlatforms) = preSolution
		Debug|Any CPU = Debug|Any CPU
		Release|Any CPU = Release|Any CPU
	EndGlobalSection
	GlobalSection(ProjectConfigurationPlatforms) = postSolution
		{E95DEE52-48A6-4863-881C-FCFE137E520B}.Debug|Any CPU.ActiveCfg = Debug|Any CPU
		{E95DEE52-48A6-4863-881C-FCFE137E520B}.Debug|Any CPU.Build.0 = Debug|Any CPU
		{E95DEE52-48A6-4863-881C-FCFE137E520B}.Release|Any CPU.ActiveCfg = Release|Any CPU
		{E95DEE52-48A6-4863-881C-FCFE137E520B}.Release|Any CPU.Build.0 = Release|Any CPU
	EndGlobalSection
	GlobalSection(SolutionProperties) = preSolution
		HideSolutionNode = FALSE
	EndGlobalSection
	GlobalSection(ExtensibilityGlobals) = postSolution
		SolutionGuid = {1A946821-DAD0-4411-AAB5-97D033680A0B}
	EndGlobalSection
EndGlobal
